
Microsoft Visual Studio Solution File, Format Version 12.00
# Visual Studio Version 17
VisualStudioVersion = 17.12.35527.113 d17.12
MinimumVisualStudioVersion = 10.0.40219.1
Project("{FAE04EC0-301F-11D3-BF4B-00C04F79EFBC}") = "KryptIt", "KryptIt\KryptIt.csproj", "{B4B10041-1FA5-439A-A194-A8A60BF08C40}"
EndProject
Global
	GlobalSection(SolutionConfigurationPlatforms) = preSolution
		Debug|Any CPU = Debug|Any CPU
		Release|Any CPU = Release|Any CPU
	EndGlobalSection
	GlobalSection(ProjectConfigurationPlatforms) = postSolution
		{B4B10041-1FA5-439A-A194-A8A60BF08C40}.Debug|Any CPU.ActiveCfg = Debug|Any CPU
		{B4B10041-1FA5-439A-A194-A8A60BF08C40}.Debug|Any CPU.Build.0 = Debug|Any CPU
		{B4B10041-1FA5-439A-A194-A8A60BF08C40}.Release|Any CPU.ActiveCfg = Release|Any CPU
		{B4B10041-1FA5-439A-A194-A8A60BF08C40}.Release|Any CPU.Build.0 = Release|Any CPU
	EndGlobalSection
	GlobalSection(SolutionProperties) = preSolution
		HideSolutionNode = FALSE
	EndGlobalSection
EndGlobal
